
Microsoft Visual Studio Solution File, Format Version 12.00
# Visual Studio Version 16
VisualStudioVersion = 16.0.31729.503
MinimumVisualStudioVersion = 10.0.40219.1
Project("{FAE04EC0-301F-11D3-BF4B-00C04F79EFBC}") = "Charts-Server", "Charts-Server\Charts-Server.csproj", "{71383242-A234-4378-8EE9-364C86AA2835}"
EndProject
Global
	GlobalSection(SolutionConfigurationPlatforms) = preSolution
		Debug|Any CPU = Debug|Any CPU
		Release|Any CPU = Release|Any CPU
	EndGlobalSection
	GlobalSection(ProjectConfigurationPlatforms) = postSolution
		{71383242-A234-4378-8EE9-364C86AA2835}.Debug|Any CPU.ActiveCfg = Debug|Any CPU
		{71383242-A234-4378-8EE9-364C86AA2835}.Debug|Any CPU.Build.0 = Debug|Any CPU
		{71383242-A234-4378-8EE9-364C86AA2835}.Release|Any CPU.ActiveCfg = Release|Any CPU
		{71383242-A234-4378-8EE9-364C86AA2835}.Release|Any CPU.Build.0 = Release|Any CPU
	EndGlobalSection
	GlobalSection(SolutionProperties) = preSolution
		HideSolutionNode = FALSE
	EndGlobalSection
	GlobalSection(ExtensibilityGlobals) = postSolution
		SolutionGuid = {6FF15399-478B-4CFC-8669-03F8EABDD5BB}
	EndGlobalSection
EndGlobal
